{
  "version": "v1",
  "packages": {
    "@tryghost/admin-api-schema": {
      "signature": "82fa5839b29d93687b7834a3a882c6d2",
      "file": true,
      "replaced": "4.5.5"
    },
    "@tryghost/kg-lexical-html-renderer": {
      "signature": "409ce5e480c38610164baa71c96c1ef7",
      "file": true,
      "replaced": "1.3.5"
    },
    "@tryghost/kg-default-nodes": {
      "signature": "6f7506922446f2813d6e638b3319f098",
      "file": true,
      "replaced": "1.4.5"
    },
    "@tryghost/user-events": {
      "signature": "3f78e5ce30980a1352043286613463a1",
      "file": true
    },
    "@tryghost/kg-html-to-lexical": {
      "signature": "7542825e50622f8eebecea8deec0f6db",
      "file": true,
      "replaced": "1.2.5"
    }
  }
}