{
  "version": "v1",
  "packages": {
    "@tryghost/admin-api-schema": {
      "signature": "82fa5839b29d93687b7834a3a882c6d2",
      "file": true,
      "replaced": "4.5.5"
    },
    "@tryghost/kg-lexical-html-renderer": {
      "signature": "813de52198d6a11ce027e2d14b797048",
      "file": true,
      "replaced": "1.3.5"
    },
    "@tryghost/kg-default-nodes": {
      "signature": "fc1b5f54f7b3365e8e16aa27905eb41a",
      "file": true,
      "replaced": "1.4.5"
    },
    "@tryghost/user-events": {
      "signature": "3f78e5ce30980a1352043286613463a1",
      "file": true
    }
  }
}