{
  "version": "v1",
  "packages": {
    "@tryghost/admin-api-schema": {
      "signature": "8636e2d3d4b380bba7273d7572270401",
      "file": true,
      "replaced": "4.5.5"
    },
    "@tryghost/kg-lexical-html-renderer": {
      "signature": "56d7cfe5516e99d05a8d3cee3e44cadd",
      "file": true,
      "replaced": "1.3.5"
    },
    "@tryghost/kg-default-nodes": {
      "signature": "0148c284e2d63694d88a844b76847021",
      "file": true,
      "replaced": "1.4.5"
    },
    "@tryghost/user-events": {
      "signature": "116bb450b7bbd1e1158f7b48c238cf40",
      "file": true
    }
  }
}